// !$*UTF8*$!
{
	archiveVersion = 1;
	classes = {
	};
	objectVersion = 50;
	objects = {

/* Begin PBXBuildFile section */
		06F5B17A255645670046E16D /* AppDelegate.swift in Sources */ = {isa = PBXBuildFile; fileRef = 06F5B179255645670046E16D /* AppDelegate.swift */; };
		06F5B17C255645670046E16D /* SceneDelegate.swift in Sources */ = {isa = PBXBuildFile; fileRef = 06F5B17B255645670046E16D /* SceneDelegate.swift */; };
		06F5B17E255645670046E16D /* ViewController.swift in Sources */ = {isa = PBXBuildFile; fileRef = 06F5B17D255645670046E16D /* ViewController.swift */; };
		06F5B181255645670046E16D /* Main.storyboard in Resources */ = {isa = PBXBuildFile; fileRef = 06F5B17F255645670046E16D /* Main.storyboard */; };
		06F5B1832556456A0046E16D /* Assets.xcassets in Resources */ = {isa = PBXBuildFile; fileRef = 06F5B1822556456A0046E16D /* Assets.xcassets */; };
		06F5B1862556456A0046E16D /* LaunchScreen.storyboard in Resources */ = {isa = PBXBuildFile; fileRef = 06F5B1842556456A0046E16D /* LaunchScreen.storyboard */; };
		06F5B18F2556488D0046E16D /* CustomTabBarControllerViewController.swift in Sources */ = {isa = PBXBuildFile; fileRef = 06F5B18E2556488D0046E16D /* CustomTabBarControllerViewController.swift */; };
		06F5B195255648AF0046E16D /* BlueVC.swift in Sources */ = {isa = PBXBuildFile; fileRef = 06F5B194255648AF0046E16D /* BlueVC.swift */; };
		06F5B199255649120046E16D /* GreenVC.swift in Sources */ = {isa = PBXBuildFile; fileRef = 06F5B198255649120046E16D /* GreenVC.swift */; };
		06F5B19D25564E1C0046E16D /* AnimationTestVC.swift in Sources */ = {isa = PBXBuildFile; fileRef = 06F5B19C25564E1C0046E16D /* AnimationTestVC.swift */; };
/* End PBXBuildFile section */

/* Begin PBXFileReference section */
		06F5B176255645670046E16D /* 27th_iOS_4Week_Seminar_Project.app */ = {isa = PBXFileReference; explicitFileType = wrapper.application; includeInIndex = 0; path = 27th_iOS_4Week_Seminar_Project.app; sourceTree = BUILT_PRODUCTS_DIR; };
		06F5B179255645670046E16D /* AppDelegate.swift */ = {isa = PBXFileReference; lastKnownFileType = sourcecode.swift; path = AppDelegate.swift; sourceTree = "<group>"; };
		06F5B17B255645670046E16D /* SceneDelegate.swift */ = {isa = PBXFileReference; lastKnownFileType = sourcecode.swift; path = SceneDelegate.swift; sourceTree = "<group>"; };
		06F5B17D255645670046E16D /* ViewController.swift */ = {isa = PBXFileReference; lastKnownFileType = sourcecode.swift; path = ViewController.swift; sourceTree = "<group>"; };
		06F5B180255645670046E16D /* Base */ = {isa = PBXFileReference; lastKnownFileType = file.storyboard; name = Base; path = Base.lproj/Main.storyboard; sourceTree = "<group>"; };
		06F5B1822556456A0046E16D /* Assets.xcassets */ = {isa = PBXFileReference; lastKnownFileType = folder.assetcatalog; path = Assets.xcassets; sourceTree = "<group>"; };
		06F5B1852556456A0046E16D /* Base */ = {isa = PBXFileReference; lastKnownFileType = file.storyboard; name = Base; path = Base.lproj/LaunchScreen.storyboard; sourceTree = "<group>"; };
		06F5B1872556456A0046E16D /* Info.plist */ = {isa = PBXFileReference; lastKnownFileType = text.plist.xml; path = Info.plist; sourceTree = "<group>"; };
		06F5B18E2556488D0046E16D /* CustomTabBarControllerViewController.swift */ = {isa = PBXFileReference; lastKnownFileType = sourcecode.swift; path = CustomTabBarControllerViewController.swift; sourceTree = "<group>"; };
		06F5B194255648AF0046E16D /* BlueVC.swift */ = {isa = PBXFileReference; lastKnownFileType = sourcecode.swift; path = BlueVC.swift; sourceTree = "<group>"; };
		06F5B198255649120046E16D /* GreenVC.swift */ = {isa = PBXFileReference; lastKnownFileType = sourcecode.swift; path = GreenVC.swift; sourceTree = "<group>"; };
		06F5B19C25564E1C0046E16D /* AnimationTestVC.swift */ = {isa = PBXFileReference; lastKnownFileType = sourcecode.swift; path = AnimationTestVC.swift; sourceTree = "<group>"; };
/* End PBXFileReference section */

/* Begin PBXFrameworksBuildPhase section */
		06F5B173255645670046E16D /* Frameworks */ = {
			isa = PBXFrameworksBuildPhase;
			buildActionMask = 2147483647;
			files = (
			);
			runOnlyForDeploymentPostprocessing = 0;
		};
/* End PBXFrameworksBuildPhase section */

/* Begin PBXGroup section */
		06F5B16D255645670046E16D = {
			isa = PBXGroup;
			children = (
				06F5B178255645670046E16D /* 27th_iOS_4Week_Seminar_Project */,
				06F5B177255645670046E16D /* Products */,
			);
			sourceTree = "<group>";
		};
		06F5B177255645670046E16D /* Products */ = {
			isa = PBXGroup;
			children = (
				06F5B176255645670046E16D /* 27th_iOS_4Week_Seminar_Project.app */,
			);
			name = Products;
			sourceTree = "<group>";
		};
		06F5B178255645670046E16D /* 27th_iOS_4Week_Seminar_Project */ = {
			isa = PBXGroup;
			children = (
				06F5B179255645670046E16D /* AppDelegate.swift */,
				06F5B17B255645670046E16D /* SceneDelegate.swift */,
				06F5B17D255645670046E16D /* ViewController.swift */,
				06F5B17F255645670046E16D /* Main.storyboard */,
				06F5B19C25564E1C0046E16D /* AnimationTestVC.swift */,
				06F5B198255649120046E16D /* GreenVC.swift */,
				06F5B18E2556488D0046E16D /* CustomTabBarControllerViewController.swift */,
				06F5B194255648AF0046E16D /* BlueVC.swift */,
				06F5B1822556456A0046E16D /* Assets.xcassets */,
				06F5B1842556456A0046E16D /* LaunchScreen.storyboard */,
				06F5B1872556456A0046E16D /* Info.plist */,
			);
			path = 27th_iOS_4Week_Seminar_Project;
			sourceTree = "<group>";
		};
/* End PBXGroup section */

/* Begin PBXNativeTarget section */
		06F5B175255645670046E16D /* 27th_iOS_4Week_Seminar_Project */ = {
			isa = PBXNativeTarget;
			buildConfigurationList = 06F5B18A2556456A0046E16D /* Build configuration list for PBXNativeTarget "27th_iOS_4Week_Seminar_Project" */;
			buildPhases = (
				06F5B172255645670046E16D /* Sources */,
				06F5B173255645670046E16D /* Frameworks */,
				06F5B174255645670046E16D /* Resources */,
			);
			buildRules = (
			);
			dependencies = (
			);
			name = 27th_iOS_4Week_Seminar_Project;
			productName = 27th_iOS_4Week_Seminar_Project;
			productReference = 06F5B176255645670046E16D /* 27th_iOS_4Week_Seminar_Project.app */;
			productType = "com.apple.product-type.application";
		};
/* End PBXNativeTarget section */

/* Begin PBXProject section */
		06F5B16E255645670046E16D /* Project object */ = {
			isa = PBXProject;
			attributes = {
				LastSwiftUpdateCheck = 1210;
				LastUpgradeCheck = 1210;
				TargetAttributes = {
					06F5B175255645670046E16D = {
						CreatedOnToolsVersion = 12.1;
					};
				};
			};
			buildConfigurationList = 06F5B171255645670046E16D /* Build configuration list for PBXProject "27th_iOS_4Week_Seminar_Project" */;
			compatibilityVersion = "Xcode 9.3";
			developmentRegion = en;
			hasScannedForEncodings = 0;
			knownRegions = (
				en,
				Base,
			);
			mainGroup = 06F5B16D255645670046E16D;
			productRefGroup = 06F5B177255645670046E16D /* Products */;
			projectDirPath = "";
			projectRoot = "";
			targets = (
				06F5B175255645670046E16D /* 27th_iOS_4Week_Seminar_Project */,
			);
		};
/* End PBXProject section */

/* Begin PBXResourcesBuildPhase section */
		06F5B174255645670046E16D /* Resources */ = {
			isa = PBXResourcesBuildPhase;
			buildActionMask = 2147483647;
			files = (
				06F5B1862556456A0046E16D /* LaunchScreen.storyboard in Resources */,
				06F5B1832556456A0046E16D /* Assets.xcassets in Resources */,
				06F5B181255645670046E16D /* Main.storyboard in Resources */,
			);
			runOnlyForDeploymentPostprocessing = 0;
		};
/* End PBXResourcesBuildPhase section */

/* Begin PBXSourcesBuildPhase section */
		06F5B172255645670046E16D /* Sources */ = {
			isa = PBXSourcesBuildPhase;
			buildActionMask = 2147483647;
			files = (
				06F5B199255649120046E16D /* GreenVC.swift in Sources */,
				06F5B17E255645670046E16D /* ViewController.swift in Sources */,
				06F5B19D25564E1C0046E16D /* AnimationTestVC.swift in Sources */,
				06F5B17A255645670046E16D /* AppDelegate.swift in Sources */,
				06F5B195255648AF0046E16D /* BlueVC.swift in Sources */,
				06F5B17C255645670046E16D /* SceneDelegate.swift in Sources */,
				06F5B18F2556488D0046E16D /* CustomTabBarControllerViewController.swift in Sources */,
			);
			runOnlyForDeploymentPostprocessing = 0;
		};
/* End PBXSourcesBuildPhase section */

/* Begin PBXVariantGroup section */
		06F5B17F255645670046E16D /* Main.storyboard */ = {
			isa = PBXVariantGroup;
			children = (
				06F5B180255645670046E16D /* Base */,
			);
			name = Main.storyboard;
			sourceTree = "<group>";
		};
		06F5B1842556456A0046E16D /* LaunchScreen.storyboard */ = {
			isa = PBXVariantGroup;
			children = (
				06F5B1852556456A0046E16D /* Base */,
			);
			name = LaunchScreen.storyboard;
			sourceTree = "<group>";
		};
/* End PBXVariantGroup section */

/* Begin XCBuildConfiguration section */
		06F5B1882556456A0046E16D /* Debug */ = {
			isa = XCBuildConfiguration;
			buildSettings = {
				ALWAYS_SEARCH_USER_PATHS = NO;
				CLANG_ANALYZER_NONNULL = YES;
				CLANG_ANALYZER_NUMBER_OBJECT_CONVERSION = YES_AGGRESSIVE;
				CLANG_CXX_LANGUAGE_STANDARD = "gnu++14";
				CLANG_CXX_LIBRARY = "libc++";
				CLANG_ENABLE_MODULES = YES;
				CLANG_ENABLE_OBJC_ARC = YES;
				CLANG_ENABLE_OBJC_WEAK = YES;
				CLANG_WARN_BLOCK_CAPTURE_AUTORELEASING = YES;
				CLANG_WARN_BOOL_CONVERSION = YES;
				CLANG_WARN_COMMA = YES;
				CLANG_WARN_CONSTANT_CONVERSION = YES;
				CLANG_WARN_DEPRECATED_OBJC_IMPLEMENTATIONS = YES;
				CLANG_WARN_DIRECT_OBJC_ISA_USAGE = YES_ERROR;
				CLANG_WARN_DOCUMENTATION_COMMENTS = YES;
				CLANG_WARN_EMPTY_BODY = YES;
				CLANG_WARN_ENUM_CONVERSION = YES;
				CLANG_WARN_INFINITE_RECURSION = YES;
				CLANG_WARN_INT_CONVERSION = YES;
				CLANG_WARN_NON_LITERAL_NULL_CONVERSION = YES;
				CLANG_WARN_OBJC_IMPLICIT_RETAIN_SELF = YES;
				CLANG_WARN_OBJC_LITERAL_CONVERSION = YES;
				CLANG_WARN_OBJC_ROOT_CLASS = YES_ERROR;
				CLANG_WARN_QUOTED_INCLUDE_IN_FRAMEWORK_HEADER = YES;
				CLANG_WARN_RANGE_LOOP_ANALYSIS = YES;
				CLANG_WARN_STRICT_PROTOTYPES = YES;
				CLANG_WARN_SUSPICIOUS_MOVE = YES;
				CLANG_WARN_UNGUARDED_AVAILABILITY = YES_AGGRESSIVE;
				CLANG_WARN_UNREACHABLE_CODE = YES;
				CLANG_WARN__DUPLICATE_METHOD_MATCH = YES;
				COPY_PHASE_STRIP = NO;
				DEBUG_INFORMATION_FORMAT = dwarf;
				ENABLE_STRICT_OBJC_MSGSEND = YES;
				ENABLE_TESTABILITY = YES;
				GCC_C_LANGUAGE_STANDARD = gnu11;
				GCC_DYNAMIC_NO_PIC = NO;
				GCC_NO_COMMON_BLOCKS = YES;
				GCC_OPTIMIZATION_LEVEL = 0;
				GCC_PREPROCESSOR_DEFINITIONS = (
					"DEBUG=1",
					"$(inherited)",
				);
				GCC_WARN_64_TO_32_BIT_CONVERSION = YES;
				GCC_WARN_ABOUT_RETURN_TYPE = YES_ERROR;
				GCC_WARN_UNDECLARED_SELECTOR = YES;
				GCC_WARN_UNINITIALIZED_AUTOS = YES_AGGRESSIVE;
				GCC_WARN_UNUSED_FUNCTION = YES;
				GCC_WARN_UNUSED_VARIABLE = YES;
				IPHONEOS_DEPLOYMENT_TARGET = 14.1;
				MTL_ENABLE_DEBUG_INFO = INCLUDE_SOURCE;
				MTL_FAST_MATH = YES;
				ONLY_ACTIVE_ARCH = YES;
				SDKROOT = iphoneos;
				SWIFT_ACTIVE_COMPILATION_CONDITIONS = DEBUG;
				SWIFT_OPTIMIZATION_LEVEL = "-Onone";
			};
			name = Debug;
		};
		06F5B1892556456A0046E16D /* Release */ = {
			isa = XCBuildConfiguration;
			buildSettings = {
				ALWAYS_SEARCH_USER_PATHS = NO;
				CLANG_ANALYZER_NONNULL = YES;
				CLANG_ANALYZER_NUMBER_OBJECT_CONVERSION = YES_AGGRESSIVE;
				CLANG_CXX_LANGUAGE_STANDARD = "gnu++14";
				CLANG_CXX_LIBRARY = "libc++";
				CLANG_ENABLE_MODULES = YES;
				CLANG_ENABLE_OBJC_ARC = YES;
				CLANG_ENABLE_OBJC_WEAK = YES;
				CLANG_WARN_BLOCK_CAPTURE_AUTORELEASING = YES;
				CLANG_WARN_BOOL_CONVERSION = YES;
				CLANG_WARN_COMMA = YES;
				CLANG_WARN_CONSTANT_CONVERSION = YES;
				CLANG_WARN_DEPRECATED_OBJC_IMPLEMENTATIONS = YES;
				CLANG_WARN_DIRECT_OBJC_ISA_USAGE = YES_ERROR;
				CLANG_WARN_DOCUMENTATION_COMMENTS = YES;
				CLANG_WARN_EMPTY_BODY = YES;
				CLANG_WARN_ENUM_CONVERSION = YES;
				CLANG_WARN_INFINITE_RECURSION = YES;
				CLANG_WARN_INT_CONVERSION = YES;
				CLANG_WARN_NON_LITERAL_NULL_CONVERSION = YES;
				CLANG_WARN_OBJC_IMPLICIT_RETAIN_SELF = YES;
				CLANG_WARN_OBJC_LITERAL_CONVERSION = YES;
				CLANG_WARN_OBJC_ROOT_CLASS = YES_ERROR;
				CLANG_WARN_QUOTED_INCLUDE_IN_FRAMEWORK_HEADER = YES;
				CLANG_WARN_RANGE_LOOP_ANALYSIS = YES;
				CLANG_WARN_STRICT_PROTOTYPES = YES;
				CLANG_WARN_SUSPICIOUS_MOVE = YES;
				CLANG_WARN_UNGUARDED_AVAILABILITY = YES_AGGRESSIVE;
				CLANG_WARN_UNREACHABLE_CODE = YES;
				CLANG_WARN__DUPLICATE_METHOD_MATCH = YES;
				COPY_PHASE_STRIP = NO;
				DEBUG_INFORMATION_FORMAT = "dwarf-with-dsym";
				ENABLE_NS_ASSERTIONS = NO;
				ENABLE_STRICT_OBJC_MSGSEND = YES;
				GCC_C_LANGUAGE_STANDARD = gnu11;
				GCC_NO_COMMON_BLOCKS = YES;
				GCC_WARN_64_TO_32_BIT_CONVERSION = YES;
				GCC_WARN_ABOUT_RETURN_TYPE = YES_ERROR;
				GCC_WARN_UNDECLARED_SELECTOR = YES;
				GCC_WARN_UNINITIALIZED_AUTOS = YES_AGGRESSIVE;
				GCC_WARN_UNUSED_FUNCTION = YES;
				GCC_WARN_UNUSED_VARIABLE = YES;
				IPHONEOS_DEPLOYMENT_TARGET = 14.1;
				MTL_ENABLE_DEBUG_INFO = NO;
				MTL_FAST_MATH = YES;
				SDKROOT = iphoneos;
				SWIFT_COMPILATION_MODE = wholemodule;
				SWIFT_OPTIMIZATION_LEVEL = "-O";
				VALIDATE_PRODUCT = YES;
			};
			name = Release;
		};
		06F5B18B2556456A0046E16D /* Debug */ = {
			isa = XCBuildConfiguration;
			buildSettings = {
				ASSETCATALOG_COMPILER_APPICON_NAME = AppIcon;
				ASSETCATALOG_COMPILER_GLOBAL_ACCENT_COLOR_NAME = AccentColor;
				CODE_SIGN_STYLE = Automatic;
				DEVELOPMENT_TEAM = BW4C5ST64K;
				INFOPLIST_FILE = 27th_iOS_4Week_Seminar_Project/Info.plist;
				LD_RUNPATH_SEARCH_PATHS = (
					"$(inherited)",
					"@executable_path/Frameworks",
				);
				PRODUCT_BUNDLE_IDENTIFIER = "YoungJae.-7th-iOS-4Week-Seminar-Project";
				PRODUCT_NAME = "$(TARGET_NAME)";
				SWIFT_VERSION = 5.0;
				TARGETED_DEVICE_FAMILY = "1,2";
			};
			name = Debug;
		};
		06F5B18C2556456A0046E16D /* Release */ = {
			isa = XCBuildConfiguration;
			buildSettings = {
				ASSETCATALOG_COMPILER_APPICON_NAME = AppIcon;
				ASSETCATALOG_COMPILER_GLOBAL_ACCENT_COLOR_NAME = AccentColor;
				CODE_SIGN_STYLE = Automatic;
				DEVELOPMENT_TEAM = BW4C5ST64K;
				INFOPLIST_FILE = 27th_iOS_4Week_Seminar_Project/Info.plist;
				LD_RUNPATH_SEARCH_PATHS = (
					"$(inherited)",
					"@executable_path/Frameworks",
				);
				PRODUCT_BUNDLE_IDENTIFIER = "YoungJae.-7th-iOS-4Week-Seminar-Project";
				PRODUCT_NAME = "$(TARGET_NAME)";
				SWIFT_VERSION = 5.0;
				TARGETED_DEVICE_FAMILY = "1,2";
			};
			name = Release;
		};
/* End XCBuildConfiguration section */

/* Begin XCConfigurationList section */
		06F5B171255645670046E16D /* Build configuration list for PBXProject "27th_iOS_4Week_Seminar_Project" */ = {
			isa = XCConfigurationList;
			buildConfigurations = (
				06F5B1882556456A0046E16D /* Debug */,
				06F5B1892556456A0046E16D /* Release */,
			);
			defaultConfigurationIsVisible = 0;
			defaultConfigurationName = Release;
		};
		06F5B18A2556456A0046E16D /* Build configuration list for PBXNativeTarget "27th_iOS_4Week_Seminar_Project" */ = {
			isa = XCConfigurationList;
			buildConfigurations = (
				06F5B18B2556456A0046E16D /* Debug */,
				06F5B18C2556456A0046E16D /* Release */,
			);
			defaultConfigurationIsVisible = 0;
			defaultConfigurationName = Release;
		};
/* End XCConfigurationList section */
	};
	rootObject = 06F5B16E255645670046E16D /* Project object */;
}
