// !$*UTF8*$!
{
	archiveVersion = 1;
	classes = {
	};
	objectVersion = 50;
	objects = {

/* Begin PBXBuildFile section */
		06F5B103254D33D10046E16D /* AppDelegate.swift in Sources */ = {isa = PBXBuildFile; fileRef = 06F5B102254D33D10046E16D /* AppDelegate.swift */; };
		06F5B105254D33D10046E16D /* SceneDelegate.swift in Sources */ = {isa = PBXBuildFile; fileRef = 06F5B104254D33D10046E16D /* SceneDelegate.swift */; };
		06F5B107254D33D10046E16D /* ViewController.swift in Sources */ = {isa = PBXBuildFile; fileRef = 06F5B106254D33D10046E16D /* ViewController.swift */; };
		06F5B10A254D33D10046E16D /* Main.storyboard in Resources */ = {isa = PBXBuildFile; fileRef = 06F5B108254D33D10046E16D /* Main.storyboard */; };
		06F5B10C254D33D20046E16D /* Assets.xcassets in Resources */ = {isa = PBXBuildFile; fileRef = 06F5B10B254D33D20046E16D /* Assets.xcassets */; };
		06F5B10F254D33D20046E16D /* LaunchScreen.storyboard in Resources */ = {isa = PBXBuildFile; fileRef = 06F5B10D254D33D20046E16D /* LaunchScreen.storyboard */; };
		06F5B118254D34A00046E16D /* PickerViewTest.storyboard in Resources */ = {isa = PBXBuildFile; fileRef = 06F5B117254D34A00046E16D /* PickerViewTest.storyboard */; };
		06F5B11B254D351D0046E16D /* pickerViewTestVC.swift in Sources */ = {isa = PBXBuildFile; fileRef = 06F5B11A254D351D0046E16D /* pickerViewTestVC.swift */; };
		06F5B11E254D38970046E16D /* Part.swift in Sources */ = {isa = PBXBuildFile; fileRef = 06F5B11D254D38970046E16D /* Part.swift */; };
		06F5B121254D40750046E16D /* TableViewTest.storyboard in Resources */ = {isa = PBXBuildFile; fileRef = 06F5B120254D40750046E16D /* TableViewTest.storyboard */; };
		06F5B124254D408C0046E16D /* tableViewTestVC.swift in Sources */ = {isa = PBXBuildFile; fileRef = 06F5B123254D408C0046E16D /* tableViewTestVC.swift */; };
		06F5B127254D46AB0046E16D /* MusicRankCell.swift in Sources */ = {isa = PBXBuildFile; fileRef = 06F5B126254D46AB0046E16D /* MusicRankCell.swift */; };
		06F5B12A254D48150046E16D /* Music.swift in Sources */ = {isa = PBXBuildFile; fileRef = 06F5B129254D48150046E16D /* Music.swift */; };
		06F5B12D254D4A310046E16D /* MusicInfo.storyboard in Resources */ = {isa = PBXBuildFile; fileRef = 06F5B12C254D4A310046E16D /* MusicInfo.storyboard */; };
		06F5B130254D4A5A0046E16D /* MusicInfoVC.swift in Sources */ = {isa = PBXBuildFile; fileRef = 06F5B12F254D4A5A0046E16D /* MusicInfoVC.swift */; };
		06F5B133254D5AB20046E16D /* CollectionViewTest.storyboard in Resources */ = {isa = PBXBuildFile; fileRef = 06F5B132254D5AB20046E16D /* CollectionViewTest.storyboard */; };
		06F5B136254DCE8E0046E16D /* CollectionViewTestVC.swift in Sources */ = {isa = PBXBuildFile; fileRef = 06F5B135254DCE8E0046E16D /* CollectionViewTestVC.swift */; };
		06F5B13D254DCF6A0046E16D /* PartBannerCell.swift in Sources */ = {isa = PBXBuildFile; fileRef = 06F5B13C254DCF6A0046E16D /* PartBannerCell.swift */; };
/* End PBXBuildFile section */

/* Begin PBXFileReference section */
		06F5B0FF254D33D10046E16D /* 27th_iOS_3Week_Seminar_Project.app */ = {isa = PBXFileReference; explicitFileType = wrapper.application; includeInIndex = 0; path = 27th_iOS_3Week_Seminar_Project.app; sourceTree = BUILT_PRODUCTS_DIR; };
		06F5B102254D33D10046E16D /* AppDelegate.swift */ = {isa = PBXFileReference; lastKnownFileType = sourcecode.swift; path = AppDelegate.swift; sourceTree = "<group>"; };
		06F5B104254D33D10046E16D /* SceneDelegate.swift */ = {isa = PBXFileReference; lastKnownFileType = sourcecode.swift; path = SceneDelegate.swift; sourceTree = "<group>"; };
		06F5B106254D33D10046E16D /* ViewController.swift */ = {isa = PBXFileReference; lastKnownFileType = sourcecode.swift; path = ViewController.swift; sourceTree = "<group>"; };
		06F5B109254D33D10046E16D /* Base */ = {isa = PBXFileReference; lastKnownFileType = file.storyboard; name = Base; path = Base.lproj/Main.storyboard; sourceTree = "<group>"; };
		06F5B10B254D33D20046E16D /* Assets.xcassets */ = {isa = PBXFileReference; lastKnownFileType = folder.assetcatalog; path = Assets.xcassets; sourceTree = "<group>"; };
		06F5B10E254D33D20046E16D /* Base */ = {isa = PBXFileReference; lastKnownFileType = file.storyboard; name = Base; path = Base.lproj/LaunchScreen.storyboard; sourceTree = "<group>"; };
		06F5B110254D33D20046E16D /* Info.plist */ = {isa = PBXFileReference; lastKnownFileType = text.plist.xml; path = Info.plist; sourceTree = "<group>"; };
		06F5B117254D34A00046E16D /* PickerViewTest.storyboard */ = {isa = PBXFileReference; lastKnownFileType = file.storyboard; path = PickerViewTest.storyboard; sourceTree = "<group>"; };
		06F5B11A254D351D0046E16D /* pickerViewTestVC.swift */ = {isa = PBXFileReference; lastKnownFileType = sourcecode.swift; path = pickerViewTestVC.swift; sourceTree = "<group>"; };
		06F5B11D254D38970046E16D /* Part.swift */ = {isa = PBXFileReference; lastKnownFileType = sourcecode.swift; path = Part.swift; sourceTree = "<group>"; };
		06F5B120254D40750046E16D /* TableViewTest.storyboard */ = {isa = PBXFileReference; lastKnownFileType = file.storyboard; path = TableViewTest.storyboard; sourceTree = "<group>"; };
		06F5B123254D408C0046E16D /* tableViewTestVC.swift */ = {isa = PBXFileReference; lastKnownFileType = sourcecode.swift; path = tableViewTestVC.swift; sourceTree = "<group>"; };
		06F5B126254D46AB0046E16D /* MusicRankCell.swift */ = {isa = PBXFileReference; lastKnownFileType = sourcecode.swift; path = MusicRankCell.swift; sourceTree = "<group>"; };
		06F5B129254D48150046E16D /* Music.swift */ = {isa = PBXFileReference; lastKnownFileType = sourcecode.swift; path = Music.swift; sourceTree = "<group>"; };
		06F5B12C254D4A310046E16D /* MusicInfo.storyboard */ = {isa = PBXFileReference; lastKnownFileType = file.storyboard; path = MusicInfo.storyboard; sourceTree = "<group>"; };
		06F5B12F254D4A5A0046E16D /* MusicInfoVC.swift */ = {isa = PBXFileReference; lastKnownFileType = sourcecode.swift; path = MusicInfoVC.swift; sourceTree = "<group>"; };
		06F5B132254D5AB20046E16D /* CollectionViewTest.storyboard */ = {isa = PBXFileReference; lastKnownFileType = file.storyboard; path = CollectionViewTest.storyboard; sourceTree = "<group>"; };
		06F5B135254DCE8E0046E16D /* CollectionViewTestVC.swift */ = {isa = PBXFileReference; lastKnownFileType = sourcecode.swift; path = CollectionViewTestVC.swift; sourceTree = "<group>"; };
		06F5B13C254DCF6A0046E16D /* PartBannerCell.swift */ = {isa = PBXFileReference; lastKnownFileType = sourcecode.swift; path = PartBannerCell.swift; sourceTree = "<group>"; };
/* End PBXFileReference section */

/* Begin PBXFrameworksBuildPhase section */
		06F5B0FC254D33D10046E16D /* Frameworks */ = {
			isa = PBXFrameworksBuildPhase;
			buildActionMask = 2147483647;
			files = (
			);
			runOnlyForDeploymentPostprocessing = 0;
		};
/* End PBXFrameworksBuildPhase section */

/* Begin PBXGroup section */
		06F5B0F6254D33D10046E16D = {
			isa = PBXGroup;
			children = (
				06F5B101254D33D10046E16D /* 27th_iOS_3Week_Seminar_Project */,
				06F5B100254D33D10046E16D /* Products */,
			);
			sourceTree = "<group>";
		};
		06F5B100254D33D10046E16D /* Products */ = {
			isa = PBXGroup;
			children = (
				06F5B0FF254D33D10046E16D /* 27th_iOS_3Week_Seminar_Project.app */,
			);
			name = Products;
			sourceTree = "<group>";
		};
		06F5B101254D33D10046E16D /* 27th_iOS_3Week_Seminar_Project */ = {
			isa = PBXGroup;
			children = (
				06F5B102254D33D10046E16D /* AppDelegate.swift */,
				06F5B104254D33D10046E16D /* SceneDelegate.swift */,
				06F5B106254D33D10046E16D /* ViewController.swift */,
				06F5B108254D33D10046E16D /* Main.storyboard */,
				06F5B117254D34A00046E16D /* PickerViewTest.storyboard */,
				06F5B120254D40750046E16D /* TableViewTest.storyboard */,
				06F5B132254D5AB20046E16D /* CollectionViewTest.storyboard */,
				06F5B135254DCE8E0046E16D /* CollectionViewTestVC.swift */,
				06F5B13C254DCF6A0046E16D /* PartBannerCell.swift */,
				06F5B12C254D4A310046E16D /* MusicInfo.storyboard */,
				06F5B12F254D4A5A0046E16D /* MusicInfoVC.swift */,
				06F5B129254D48150046E16D /* Music.swift */,
				06F5B126254D46AB0046E16D /* MusicRankCell.swift */,
				06F5B123254D408C0046E16D /* tableViewTestVC.swift */,
				06F5B11D254D38970046E16D /* Part.swift */,
				06F5B11A254D351D0046E16D /* pickerViewTestVC.swift */,
				06F5B10B254D33D20046E16D /* Assets.xcassets */,
				06F5B10D254D33D20046E16D /* LaunchScreen.storyboard */,
				06F5B110254D33D20046E16D /* Info.plist */,
			);
			path = 27th_iOS_3Week_Seminar_Project;
			sourceTree = "<group>";
		};
/* End PBXGroup section */

/* Begin PBXNativeTarget section */
		06F5B0FE254D33D10046E16D /* 27th_iOS_3Week_Seminar_Project */ = {
			isa = PBXNativeTarget;
			buildConfigurationList = 06F5B113254D33D20046E16D /* Build configuration list for PBXNativeTarget "27th_iOS_3Week_Seminar_Project" */;
			buildPhases = (
				06F5B0FB254D33D10046E16D /* Sources */,
				06F5B0FC254D33D10046E16D /* Frameworks */,
				06F5B0FD254D33D10046E16D /* Resources */,
			);
			buildRules = (
			);
			dependencies = (
			);
			name = 27th_iOS_3Week_Seminar_Project;
			productName = 27th_iOS_3Week_Seminar_Project;
			productReference = 06F5B0FF254D33D10046E16D /* 27th_iOS_3Week_Seminar_Project.app */;
			productType = "com.apple.product-type.application";
		};
/* End PBXNativeTarget section */

/* Begin PBXProject section */
		06F5B0F7254D33D10046E16D /* Project object */ = {
			isa = PBXProject;
			attributes = {
				LastSwiftUpdateCheck = 1210;
				LastUpgradeCheck = 1210;
				TargetAttributes = {
					06F5B0FE254D33D10046E16D = {
						CreatedOnToolsVersion = 12.1;
					};
				};
			};
			buildConfigurationList = 06F5B0FA254D33D10046E16D /* Build configuration list for PBXProject "27th_iOS_3Week_Seminar_Project" */;
			compatibilityVersion = "Xcode 9.3";
			developmentRegion = en;
			hasScannedForEncodings = 0;
			knownRegions = (
				en,
				Base,
			);
			mainGroup = 06F5B0F6254D33D10046E16D;
			productRefGroup = 06F5B100254D33D10046E16D /* Products */;
			projectDirPath = "";
			projectRoot = "";
			targets = (
				06F5B0FE254D33D10046E16D /* 27th_iOS_3Week_Seminar_Project */,
			);
		};
/* End PBXProject section */

/* Begin PBXResourcesBuildPhase section */
		06F5B0FD254D33D10046E16D /* Resources */ = {
			isa = PBXResourcesBuildPhase;
			buildActionMask = 2147483647;
			files = (
				06F5B12D254D4A310046E16D /* MusicInfo.storyboard in Resources */,
				06F5B121254D40750046E16D /* TableViewTest.storyboard in Resources */,
				06F5B133254D5AB20046E16D /* CollectionViewTest.storyboard in Resources */,
				06F5B10F254D33D20046E16D /* LaunchScreen.storyboard in Resources */,
				06F5B118254D34A00046E16D /* PickerViewTest.storyboard in Resources */,
				06F5B10C254D33D20046E16D /* Assets.xcassets in Resources */,
				06F5B10A254D33D10046E16D /* Main.storyboard in Resources */,
			);
			runOnlyForDeploymentPostprocessing = 0;
		};
/* End PBXResourcesBuildPhase section */

/* Begin PBXSourcesBuildPhase section */
		06F5B0FB254D33D10046E16D /* Sources */ = {
			isa = PBXSourcesBuildPhase;
			buildActionMask = 2147483647;
			files = (
				06F5B130254D4A5A0046E16D /* MusicInfoVC.swift in Sources */,
				06F5B127254D46AB0046E16D /* MusicRankCell.swift in Sources */,
				06F5B107254D33D10046E16D /* ViewController.swift in Sources */,
				06F5B103254D33D10046E16D /* AppDelegate.swift in Sources */,
				06F5B13D254DCF6A0046E16D /* PartBannerCell.swift in Sources */,
				06F5B105254D33D10046E16D /* SceneDelegate.swift in Sources */,
				06F5B136254DCE8E0046E16D /* CollectionViewTestVC.swift in Sources */,
				06F5B11E254D38970046E16D /* Part.swift in Sources */,
				06F5B124254D408C0046E16D /* tableViewTestVC.swift in Sources */,
				06F5B11B254D351D0046E16D /* pickerViewTestVC.swift in Sources */,
				06F5B12A254D48150046E16D /* Music.swift in Sources */,
			);
			runOnlyForDeploymentPostprocessing = 0;
		};
/* End PBXSourcesBuildPhase section */

/* Begin PBXVariantGroup section */
		06F5B108254D33D10046E16D /* Main.storyboard */ = {
			isa = PBXVariantGroup;
			children = (
				06F5B109254D33D10046E16D /* Base */,
			);
			name = Main.storyboard;
			sourceTree = "<group>";
		};
		06F5B10D254D33D20046E16D /* LaunchScreen.storyboard */ = {
			isa = PBXVariantGroup;
			children = (
				06F5B10E254D33D20046E16D /* Base */,
			);
			name = LaunchScreen.storyboard;
			sourceTree = "<group>";
		};
/* End PBXVariantGroup section */

/* Begin XCBuildConfiguration section */
		06F5B111254D33D20046E16D /* Debug */ = {
			isa = XCBuildConfiguration;
			buildSettings = {
				ALWAYS_SEARCH_USER_PATHS = NO;
				CLANG_ANALYZER_NONNULL = YES;
				CLANG_ANALYZER_NUMBER_OBJECT_CONVERSION = YES_AGGRESSIVE;
				CLANG_CXX_LANGUAGE_STANDARD = "gnu++14";
				CLANG_CXX_LIBRARY = "libc++";
				CLANG_ENABLE_MODULES = YES;
				CLANG_ENABLE_OBJC_ARC = YES;
				CLANG_ENABLE_OBJC_WEAK = YES;
				CLANG_WARN_BLOCK_CAPTURE_AUTORELEASING = YES;
				CLANG_WARN_BOOL_CONVERSION = YES;
				CLANG_WARN_COMMA = YES;
				CLANG_WARN_CONSTANT_CONVERSION = YES;
				CLANG_WARN_DEPRECATED_OBJC_IMPLEMENTATIONS = YES;
				CLANG_WARN_DIRECT_OBJC_ISA_USAGE = YES_ERROR;
				CLANG_WARN_DOCUMENTATION_COMMENTS = YES;
				CLANG_WARN_EMPTY_BODY = YES;
				CLANG_WARN_ENUM_CONVERSION = YES;
				CLANG_WARN_INFINITE_RECURSION = YES;
				CLANG_WARN_INT_CONVERSION = YES;
				CLANG_WARN_NON_LITERAL_NULL_CONVERSION = YES;
				CLANG_WARN_OBJC_IMPLICIT_RETAIN_SELF = YES;
				CLANG_WARN_OBJC_LITERAL_CONVERSION = YES;
				CLANG_WARN_OBJC_ROOT_CLASS = YES_ERROR;
				CLANG_WARN_QUOTED_INCLUDE_IN_FRAMEWORK_HEADER = YES;
				CLANG_WARN_RANGE_LOOP_ANALYSIS = YES;
				CLANG_WARN_STRICT_PROTOTYPES = YES;
				CLANG_WARN_SUSPICIOUS_MOVE = YES;
				CLANG_WARN_UNGUARDED_AVAILABILITY = YES_AGGRESSIVE;
				CLANG_WARN_UNREACHABLE_CODE = YES;
				CLANG_WARN__DUPLICATE_METHOD_MATCH = YES;
				COPY_PHASE_STRIP = NO;
				DEBUG_INFORMATION_FORMAT = dwarf;
				ENABLE_STRICT_OBJC_MSGSEND = YES;
				ENABLE_TESTABILITY = YES;
				GCC_C_LANGUAGE_STANDARD = gnu11;
				GCC_DYNAMIC_NO_PIC = NO;
				GCC_NO_COMMON_BLOCKS = YES;
				GCC_OPTIMIZATION_LEVEL = 0;
				GCC_PREPROCESSOR_DEFINITIONS = (
					"DEBUG=1",
					"$(inherited)",
				);
				GCC_WARN_64_TO_32_BIT_CONVERSION = YES;
				GCC_WARN_ABOUT_RETURN_TYPE = YES_ERROR;
				GCC_WARN_UNDECLARED_SELECTOR = YES;
				GCC_WARN_UNINITIALIZED_AUTOS = YES_AGGRESSIVE;
				GCC_WARN_UNUSED_FUNCTION = YES;
				GCC_WARN_UNUSED_VARIABLE = YES;
				IPHONEOS_DEPLOYMENT_TARGET = 14.1;
				MTL_ENABLE_DEBUG_INFO = INCLUDE_SOURCE;
				MTL_FAST_MATH = YES;
				ONLY_ACTIVE_ARCH = YES;
				SDKROOT = iphoneos;
				SWIFT_ACTIVE_COMPILATION_CONDITIONS = DEBUG;
				SWIFT_OPTIMIZATION_LEVEL = "-Onone";
			};
			name = Debug;
		};
		06F5B112254D33D20046E16D /* Release */ = {
			isa = XCBuildConfiguration;
			buildSettings = {
				ALWAYS_SEARCH_USER_PATHS = NO;
				CLANG_ANALYZER_NONNULL = YES;
				CLANG_ANALYZER_NUMBER_OBJECT_CONVERSION = YES_AGGRESSIVE;
				CLANG_CXX_LANGUAGE_STANDARD = "gnu++14";
				CLANG_CXX_LIBRARY = "libc++";
				CLANG_ENABLE_MODULES = YES;
				CLANG_ENABLE_OBJC_ARC = YES;
				CLANG_ENABLE_OBJC_WEAK = YES;
				CLANG_WARN_BLOCK_CAPTURE_AUTORELEASING = YES;
				CLANG_WARN_BOOL_CONVERSION = YES;
				CLANG_WARN_COMMA = YES;
				CLANG_WARN_CONSTANT_CONVERSION = YES;
				CLANG_WARN_DEPRECATED_OBJC_IMPLEMENTATIONS = YES;
				CLANG_WARN_DIRECT_OBJC_ISA_USAGE = YES_ERROR;
				CLANG_WARN_DOCUMENTATION_COMMENTS = YES;
				CLANG_WARN_EMPTY_BODY = YES;
				CLANG_WARN_ENUM_CONVERSION = YES;
				CLANG_WARN_INFINITE_RECURSION = YES;
				CLANG_WARN_INT_CONVERSION = YES;
				CLANG_WARN_NON_LITERAL_NULL_CONVERSION = YES;
				CLANG_WARN_OBJC_IMPLICIT_RETAIN_SELF = YES;
				CLANG_WARN_OBJC_LITERAL_CONVERSION = YES;
				CLANG_WARN_OBJC_ROOT_CLASS = YES_ERROR;
				CLANG_WARN_QUOTED_INCLUDE_IN_FRAMEWORK_HEADER = YES;
				CLANG_WARN_RANGE_LOOP_ANALYSIS = YES;
				CLANG_WARN_STRICT_PROTOTYPES = YES;
				CLANG_WARN_SUSPICIOUS_MOVE = YES;
				CLANG_WARN_UNGUARDED_AVAILABILITY = YES_AGGRESSIVE;
				CLANG_WARN_UNREACHABLE_CODE = YES;
				CLANG_WARN__DUPLICATE_METHOD_MATCH = YES;
				COPY_PHASE_STRIP = NO;
				DEBUG_INFORMATION_FORMAT = "dwarf-with-dsym";
				ENABLE_NS_ASSERTIONS = NO;
				ENABLE_STRICT_OBJC_MSGSEND = YES;
				GCC_C_LANGUAGE_STANDARD = gnu11;
				GCC_NO_COMMON_BLOCKS = YES;
				GCC_WARN_64_TO_32_BIT_CONVERSION = YES;
				GCC_WARN_ABOUT_RETURN_TYPE = YES_ERROR;
				GCC_WARN_UNDECLARED_SELECTOR = YES;
				GCC_WARN_UNINITIALIZED_AUTOS = YES_AGGRESSIVE;
				GCC_WARN_UNUSED_FUNCTION = YES;
				GCC_WARN_UNUSED_VARIABLE = YES;
				IPHONEOS_DEPLOYMENT_TARGET = 14.1;
				MTL_ENABLE_DEBUG_INFO = NO;
				MTL_FAST_MATH = YES;
				SDKROOT = iphoneos;
				SWIFT_COMPILATION_MODE = wholemodule;
				SWIFT_OPTIMIZATION_LEVEL = "-O";
				VALIDATE_PRODUCT = YES;
			};
			name = Release;
		};
		06F5B114254D33D20046E16D /* Debug */ = {
			isa = XCBuildConfiguration;
			buildSettings = {
				ASSETCATALOG_COMPILER_APPICON_NAME = AppIcon;
				ASSETCATALOG_COMPILER_GLOBAL_ACCENT_COLOR_NAME = AccentColor;
				CODE_SIGN_STYLE = Automatic;
				DEVELOPMENT_TEAM = BW4C5ST64K;
				INFOPLIST_FILE = 27th_iOS_3Week_Seminar_Project/Info.plist;
				LD_RUNPATH_SEARCH_PATHS = (
					"$(inherited)",
					"@executable_path/Frameworks",
				);
				PRODUCT_BUNDLE_IDENTIFIER = "YoungJae.-7th-iOS-3Week-Seminar-Project";
				PRODUCT_NAME = "$(TARGET_NAME)";
				SWIFT_VERSION = 5.0;
				TARGETED_DEVICE_FAMILY = "1,2";
			};
			name = Debug;
		};
		06F5B115254D33D20046E16D /* Release */ = {
			isa = XCBuildConfiguration;
			buildSettings = {
				ASSETCATALOG_COMPILER_APPICON_NAME = AppIcon;
				ASSETCATALOG_COMPILER_GLOBAL_ACCENT_COLOR_NAME = AccentColor;
				CODE_SIGN_STYLE = Automatic;
				DEVELOPMENT_TEAM = BW4C5ST64K;
				INFOPLIST_FILE = 27th_iOS_3Week_Seminar_Project/Info.plist;
				LD_RUNPATH_SEARCH_PATHS = (
					"$(inherited)",
					"@executable_path/Frameworks",
				);
				PRODUCT_BUNDLE_IDENTIFIER = "YoungJae.-7th-iOS-3Week-Seminar-Project";
				PRODUCT_NAME = "$(TARGET_NAME)";
				SWIFT_VERSION = 5.0;
				TARGETED_DEVICE_FAMILY = "1,2";
			};
			name = Release;
		};
/* End XCBuildConfiguration section */

/* Begin XCConfigurationList section */
		06F5B0FA254D33D10046E16D /* Build configuration list for PBXProject "27th_iOS_3Week_Seminar_Project" */ = {
			isa = XCConfigurationList;
			buildConfigurations = (
				06F5B111254D33D20046E16D /* Debug */,
				06F5B112254D33D20046E16D /* Release */,
			);
			defaultConfigurationIsVisible = 0;
			defaultConfigurationName = Release;
		};
		06F5B113254D33D20046E16D /* Build configuration list for PBXNativeTarget "27th_iOS_3Week_Seminar_Project" */ = {
			isa = XCConfigurationList;
			buildConfigurations = (
				06F5B114254D33D20046E16D /* Debug */,
				06F5B115254D33D20046E16D /* Release */,
			);
			defaultConfigurationIsVisible = 0;
			defaultConfigurationName = Release;
		};
/* End XCConfigurationList section */
	};
	rootObject = 06F5B0F7254D33D10046E16D /* Project object */;
}
